// !$*UTF8*$!
{
	archiveVersion = 1;
	classes = {
	};
	objectVersion = 77;
	objects = {

/* Begin PBXContainerItemProxy section */
		E7B00CEC2F3A698700D4559C /* PBXContainerItemProxy */ = {
			isa = PBXContainerItemProxy;
			containerPortal = E7B00CD42F3A698700D4559C /* Project object */;
			proxyType = 1;
			remoteGlobalIDString = E7B00CDB2F3A698700D4559C;
			remoteInfo = "Transaction-Tracker-Technohaven";
		};
		E7B00CF62F3A698700D4559C /* PBXContainerItemProxy */ = {
			isa = PBXContainerItemProxy;
			containerPortal = E7B00CD42F3A698700D4559C /* Project object */;
			proxyType = 1;
			remoteGlobalIDString = E7B00CDB2F3A698700D4559C;
			remoteInfo = "Transaction-Tracker-Technohaven";
		};
/* End PBXContainerItemProxy section */

/* Begin PBXFileReference section */
		E7B00CDC2F3A698700D4559C /* Transaction-Tracker-Technohaven.app */ = {isa = PBXFileReference; explicitFileType = wrapper.application; includeInIndex = 0; path = "Transaction-Tracker-Technohaven.app"; sourceTree = BUILT_PRODUCTS_DIR; };
		E7B00CEB2F3A698700D4559C /* Transaction-Tracker-TechnohavenTests.xctest */ = {isa = PBXFileReference; explicitFileType = wrapper.cfbundle; includeInIndex = 0; path = "Transaction-Tracker-TechnohavenTests.xctest"; sourceTree = BUILT_PRODUCTS_DIR; };
		E7B00CF52F3A698700D4559C /* Transaction-Tracker-TechnohavenUITests.xctest */ = {isa = PBXFileReference; explicitFileType = wrapper.cfbundle; includeInIndex = 0; path = "Transaction-Tracker-TechnohavenUITests.xctest"; sourceTree = BUILT_PRODUCTS_DIR; };
/* End PBXFileReference section */

/* Begin PBXFileSystemSynchronizedRootGroup section */
		E7B00CDE2F3A698700D4559C /* Transaction-Tracker-Technohaven */ = {
			isa = PBXFileSystemSynchronizedRootGroup;
			path = "Transaction-Tracker-Technohaven";
			sourceTree = "<group>";
		};
		E7B00CEE2F3A698700D4559C /* Transaction-Tracker-TechnohavenTests */ = {
			isa = PBXFileSystemSynchronizedRootGroup;
			path = "Transaction-Tracker-TechnohavenTests";
			sourceTree = "<group>";
		};
		E7B00CF82F3A698700D4559C /* Transaction-Tracker-TechnohavenUITests */ = {
			isa = PBXFileSystemSynchronizedRootGroup;
			path = "Transaction-Tracker-TechnohavenUITests";
			sourceTree = "<group>";
		};
/* End PBXFileSystemSynchronizedRootGroup section */

/* Begin PBXFrameworksBuildPhase section */
		E7B00CD92F3A698700D4559C /* Frameworks */ = {
			isa = PBXFrameworksBuildPhase;
			buildActionMask = 2147483647;
			files = (
			);
			runOnlyForDeploymentPostprocessing = 0;
		};
		E7B00CE82F3A698700D4559C /* Frameworks */ = {
			isa = PBXFrameworksBuildPhase;
			buildActionMask = 2147483647;
			files = (
			);
			runOnlyForDeploymentPostprocessing = 0;
		};
		E7B00CF22F3A698700D4559C /* Frameworks */ = {
			isa = PBXFrameworksBuildPhase;
			buildActionMask = 2147483647;
			files = (
			);
			runOnlyForDeploymentPostprocessing = 0;
		};
/* End PBXFrameworksBuildPhase section */

/* Begin PBXGroup section */
		E7B00CD32F3A698700D4559C = {
			isa = PBXGroup;
			children = (
				E7B00CDE2F3A698700D4559C /* Transaction-Tracker-Technohaven */,
				E7B00CEE2F3A698700D4559C /* Transaction-Tracker-TechnohavenTests */,
				E7B00CF82F3A698700D4559C /* Transaction-Tracker-TechnohavenUITests */,
				E7B00CDD2F3A698700D4559C /* Products */,
			);
			sourceTree = "<group>";
		};
		E7B00CDD2F3A698700D4559C /* Products */ = {
			isa = PBXGroup;
			children = (
				E7B00CDC2F3A698700D4559C /* Transaction-Tracker-Technohaven.app */,
				E7B00CEB2F3A698700D4559C /* Transaction-Tracker-TechnohavenTests.xctest */,
				E7B00CF52F3A698700D4559C /* Transaction-Tracker-TechnohavenUITests.xctest */,
			);
			name = Products;
			sourceTree = "<group>";
		};
/* End PBXGroup section */

/* Begin PBXNativeTarget section */
		E7B00CDB2F3A698700D4559C /* Transaction-Tracker-Technohaven */ = {
			isa = PBXNativeTarget;
			buildConfigurationList = E7B00CFF2F3A698700D4559C /* Build configuration list for PBXNativeTarget "Transaction-Tracker-Technohaven" */;
			buildPhases = (
				E7B00CD82F3A698700D4559C /* Sources */,
				E7B00CD92F3A698700D4559C /* Frameworks */,
				E7B00CDA2F3A698700D4559C /* Resources */,
			);
			buildRules = (
			);
			dependencies = (
			);
			fileSystemSynchronizedGroups = (
				E7B00CDE2F3A698700D4559C /* Transaction-Tracker-Technohaven */,
			);
			name = "Transaction-Tracker-Technohaven";
			packageProductDependencies = (
			);
			productName = "Transaction-Tracker-Technohaven";
			productReference = E7B00CDC2F3A698700D4559C /* Transaction-Tracker-Technohaven.app */;
			productType = "com.apple.product-type.application";
		};
		E7B00CEA2F3A698700D4559C /* Transaction-Tracker-TechnohavenTests */ = {
			isa = PBXNativeTarget;
			buildConfigurationList = E7B00D022F3A698700D4559C /* Build configuration list for PBXNativeTarget "Transaction-Tracker-TechnohavenTests" */;
			buildPhases = (
				E7B00CE72F3A698700D4559C /* Sources */,
				E7B00CE82F3A698700D4559C /* Frameworks */,
				E7B00CE92F3A698700D4559C /* Resources */,
			);
			buildRules = (
			);
			dependencies = (
				E7B00CED2F3A698700D4559C /* PBXTargetDependency */,
			);
			fileSystemSynchronizedGroups = (
				E7B00CEE2F3A698700D4559C /* Transaction-Tracker-TechnohavenTests */,
			);
			name = "Transaction-Tracker-TechnohavenTests";
			packageProductDependencies = (
			);
			productName = "Transaction-Tracker-TechnohavenTests";
			productReference = E7B00CEB2F3A698700D4559C /* Transaction-Tracker-TechnohavenTests.xctest */;
			productType = "com.apple.product-type.bundle.unit-test";
		};
		E7B00CF42F3A698700D4559C /* Transaction-Tracker-TechnohavenUITests */ = {
			isa = PBXNativeTarget;
			buildConfigurationList = E7B00D052F3A698700D4559C /* Build configuration list for PBXNativeTarget "Transaction-Tracker-TechnohavenUITests" */;
			buildPhases = (
				E7B00CF12F3A698700D4559C /* Sources */,
				E7B00CF22F3A698700D4559C /* Frameworks */,
				E7B00CF32F3A698700D4559C /* Resources */,
			);
			buildRules = (
			);
			dependencies = (
				E7B00CF72F3A698700D4559C /* PBXTargetDependency */,
			);
			fileSystemSynchronizedGroups = (
				E7B00CF82F3A698700D4559C /* Transaction-Tracker-TechnohavenUITests */,
			);
			name = "Transaction-Tracker-TechnohavenUITests";
			packageProductDependencies = (
			);
			productName = "Transaction-Tracker-TechnohavenUITests";
			productReference = E7B00CF52F3A698700D4559C /* Transaction-Tracker-TechnohavenUITests.xctest */;
			productType = "com.apple.product-type.bundle.ui-testing";
		};
/* End PBXNativeTarget section */

/* Begin PBXProject section */
		E7B00CD42F3A698700D4559C /* Project object */ = {
			isa = PBXProject;
			attributes = {
				BuildIndependentTargetsInParallel = 1;
				LastSwiftUpdateCheck = 2620;
				LastUpgradeCheck = 2620;
				TargetAttributes = {
					E7B00CDB2F3A698700D4559C = {
						CreatedOnToolsVersion = 26.2;
					};
					E7B00CEA2F3A698700D4559C = {
						CreatedOnToolsVersion = 26.2;
						TestTargetID = E7B00CDB2F3A698700D4559C;
					};
					E7B00CF42F3A698700D4559C = {
						CreatedOnToolsVersion = 26.2;
						TestTargetID = E7B00CDB2F3A698700D4559C;
					};
				};
			};
			buildConfigurationList = E7B00CD72F3A698700D4559C /* Build configuration list for PBXProject "Transaction-Tracker-Technohaven" */;
			developmentRegion = en;
			hasScannedForEncodings = 0;
			knownRegions = (
				en,
				Base,
			);
			mainGroup = E7B00CD32F3A698700D4559C;
			minimizedProjectReferenceProxies = 1;
			preferredProjectObjectVersion = 77;
			productRefGroup = E7B00CDD2F3A698700D4559C /* Products */;
			projectDirPath = "";
			projectRoot = "";
			targets = (
				E7B00CDB2F3A698700D4559C /* Transaction-Tracker-Technohaven */,
				E7B00CEA2F3A698700D4559C /* Transaction-Tracker-TechnohavenTests */,
				E7B00CF42F3A698700D4559C /* Transaction-Tracker-TechnohavenUITests */,
			);
		};
/* End PBXProject section */

/* Begin PBXResourcesBuildPhase section */
		E7B00CDA2F3A698700D4559C /* Resources */ = {
			isa = PBXResourcesBuildPhase;
			buildActionMask = 2147483647;
			files = (
			);
			runOnlyForDeploymentPostprocessing = 0;
		};
		E7B00CE92F3A698700D4559C /* Resources */ = {
			isa = PBXResourcesBuildPhase;
			buildActionMask = 2147483647;
			files = (
			);
			runOnlyForDeploymentPostprocessing = 0;
		};
		E7B00CF32F3A698700D4559C /* Resources */ = {
			isa = PBXResourcesBuildPhase;
			buildActionMask = 2147483647;
			files = (
			);
			runOnlyForDeploymentPostprocessing = 0;
		};
/* End PBXResourcesBuildPhase section */

/* Begin PBXSourcesBuildPhase section */
		E7B00CD82F3A698700D4559C /* Sources */ = {
			isa = PBXSourcesBuildPhase;
			buildActionMask = 2147483647;
			files = (
			);
			runOnlyForDeploymentPostprocessing = 0;
		};
		E7B00CE72F3A698700D4559C /* Sources */ = {
			isa = PBXSourcesBuildPhase;
			buildActionMask = 2147483647;
			files = (
			);
			runOnlyForDeploymentPostprocessing = 0;
		};
		E7B00CF12F3A698700D4559C /* Sources */ = {
			isa = PBXSourcesBuildPhase;
			buildActionMask = 2147483647;
			files = (
			);
			runOnlyForDeploymentPostprocessing = 0;
		};
/* End PBXSourcesBuildPhase section */

/* Begin PBXTargetDependency section */
		E7B00CED2F3A698700D4559C /* PBXTargetDependency */ = {
			isa = PBXTargetDependency;
			target = E7B00CDB2F3A698700D4559C /* Transaction-Tracker-Technohaven */;
			targetProxy = E7B00CEC2F3A698700D4559C /* PBXContainerItemProxy */;
		};
		E7B00CF72F3A698700D4559C /* PBXTargetDependency */ = {
			isa = PBXTargetDependency;
			target = E7B00CDB2F3A698700D4559C /* Transaction-Tracker-Technohaven */;
			targetProxy = E7B00CF62F3A698700D4559C /* PBXContainerItemProxy */;
		};
/* End PBXTargetDependency section */

/* Begin XCBuildConfiguration section */
		E7B00CFD2F3A698700D4559C /* Debug */ = {
			isa = XCBuildConfiguration;
			buildSettings = {
				ALWAYS_SEARCH_USER_PATHS = NO;
				ASSETCATALOG_COMPILER_GENERATE_SWIFT_ASSET_SYMBOL_EXTENSIONS = YES;
				CLANG_ANALYZER_NONNULL = YES;
				CLANG_ANALYZER_NUMBER_OBJECT_CONVERSION = YES_AGGRESSIVE;
				CLANG_CXX_LANGUAGE_STANDARD = "gnu++20";
				CLANG_ENABLE_MODULES = YES;
				CLANG_ENABLE_OBJC_ARC = YES;
				CLANG_ENABLE_OBJC_WEAK = YES;
				CLANG_WARN_BLOCK_CAPTURE_AUTORELEASING = YES;
				CLANG_WARN_BOOL_CONVERSION = YES;
				CLANG_WARN_COMMA = YES;
				CLANG_WARN_CONSTANT_CONVERSION = YES;
				CLANG_WARN_DEPRECATED_OBJC_IMPLEMENTATIONS = YES;
				CLANG_WARN_DIRECT_OBJC_ISA_USAGE = YES_ERROR;
				CLANG_WARN_DOCUMENTATION_COMMENTS = YES;
				CLANG_WARN_EMPTY_BODY = YES;
				CLANG_WARN_ENUM_CONVERSION = YES;
				CLANG_WARN_INFINITE_RECURSION = YES;
				CLANG_WARN_INT_CONVERSION = YES;
				CLANG_WARN_NON_LITERAL_NULL_CONVERSION = YES;
				CLANG_WARN_OBJC_IMPLICIT_RETAIN_SELF = YES;
				CLANG_WARN_OBJC_LITERAL_CONVERSION = YES;
				CLANG_WARN_OBJC_ROOT_CLASS = YES_ERROR;
				CLANG_WARN_QUOTED_INCLUDE_IN_FRAMEWORK_HEADER = YES;
				CLANG_WARN_RANGE_LOOP_ANALYSIS = YES;
				CLANG_WARN_STRICT_PROTOTYPES = YES;
				CLANG_WARN_SUSPICIOUS_MOVE = YES;
				CLANG_WARN_UNGUARDED_AVAILABILITY = YES_AGGRESSIVE;
				CLANG_WARN_UNREACHABLE_CODE = YES;
				CLANG_WARN__DUPLICATE_METHOD_MATCH = YES;
				COPY_PHASE_STRIP = NO;
				DEBUG_INFORMATION_FORMAT = dwarf;
				ENABLE_STRICT_OBJC_MSGSEND = YES;
				ENABLE_TESTABILITY = YES;
				ENABLE_USER_SCRIPT_SANDBOXING = YES;
				GCC_C_LANGUAGE_STANDARD = gnu17;
				GCC_DYNAMIC_NO_PIC = NO;
				GCC_NO_COMMON_BLOCKS = YES;
				GCC_OPTIMIZATION_LEVEL = 0;
				GCC_PREPROCESSOR_DEFINITIONS = (
					"DEBUG=1",
					"$(inherited)",
				);
				GCC_WARN_64_TO_32_BIT_CONVERSION = YES;
				GCC_WARN_ABOUT_RETURN_TYPE = YES_ERROR;
				GCC_WARN_UNDECLARED_SELECTOR = YES;
				GCC_WARN_UNINITIALIZED_AUTOS = YES_AGGRESSIVE;
				GCC_WARN_UNUSED_FUNCTION = YES;
				GCC_WARN_UNUSED_VARIABLE = YES;
				IPHONEOS_DEPLOYMENT_TARGET = 26.2;
				LOCALIZATION_PREFERS_STRING_CATALOGS = YES;
				MTL_ENABLE_DEBUG_INFO = INCLUDE_SOURCE;
				MTL_FAST_MATH = YES;
				ONLY_ACTIVE_ARCH = YES;
				SDKROOT = iphoneos;
				SWIFT_ACTIVE_COMPILATION_CONDITIONS = "DEBUG $(inherited)";
				SWIFT_OPTIMIZATION_LEVEL = "-Onone";
			};
			name = Debug;
		};
		E7B00CFE2F3A698700D4559C /* Release */ = {
			isa = XCBuildConfiguration;
			buildSettings = {
				ALWAYS_SEARCH_USER_PATHS = NO;
				ASSETCATALOG_COMPILER_GENERATE_SWIFT_ASSET_SYMBOL_EXTENSIONS = YES;
				CLANG_ANALYZER_NONNULL = YES;
				CLANG_ANALYZER_NUMBER_OBJECT_CONVERSION = YES_AGGRESSIVE;
				CLANG_CXX_LANGUAGE_STANDARD = "gnu++20";
				CLANG_ENABLE_MODULES = YES;
				CLANG_ENABLE_OBJC_ARC = YES;
				CLANG_ENABLE_OBJC_WEAK = YES;
				CLANG_WARN_BLOCK_CAPTURE_AUTORELEASING = YES;
				CLANG_WARN_BOOL_CONVERSION = YES;
				CLANG_WARN_COMMA = YES;
				CLANG_WARN_CONSTANT_CONVERSION = YES;
				CLANG_WARN_DEPRECATED_OBJC_IMPLEMENTATIONS = YES;
				CLANG_WARN_DIRECT_OBJC_ISA_USAGE = YES_ERROR;
				CLANG_WARN_DOCUMENTATION_COMMENTS = YES;
				CLANG_WARN_EMPTY_BODY = YES;
				CLANG_WARN_ENUM_CONVERSION = YES;
				CLANG_WARN_INFINITE_RECURSION = YES;
				CLANG_WARN_INT_CONVERSION = YES;
				CLANG_WARN_NON_LITERAL_NULL_CONVERSION = YES;
				CLANG_WARN_OBJC_IMPLICIT_RETAIN_SELF = YES;
				CLANG_WARN_OBJC_LITERAL_CONVERSION = YES;
				CLANG_WARN_OBJC_ROOT_CLASS = YES_ERROR;
				CLANG_WARN_QUOTED_INCLUDE_IN_FRAMEWORK_HEADER = YES;
				CLANG_WARN_RANGE_LOOP_ANALYSIS = YES;
				CLANG_WARN_STRICT_PROTOTYPES = YES;
				CLANG_WARN_SUSPICIOUS_MOVE = YES;
				CLANG_WARN_UNGUARDED_AVAILABILITY = YES_AGGRESSIVE;
				CLANG_WARN_UNREACHABLE_CODE = YES;
				CLANG_WARN__DUPLICATE_METHOD_MATCH = YES;
				COPY_PHASE_STRIP = NO;
				DEBUG_INFORMATION_FORMAT = "dwarf-with-dsym";
				ENABLE_NS_ASSERTIONS = NO;
				ENABLE_STRICT_OBJC_MSGSEND = YES;
				ENABLE_USER_SCRIPT_SANDBOXING = YES;
				GCC_C_LANGUAGE_STANDARD = gnu17;
				GCC_NO_COMMON_BLOCKS = YES;
				GCC_WARN_64_TO_32_BIT_CONVERSION = YES;
				GCC_WARN_ABOUT_RETURN_TYPE = YES_ERROR;
				GCC_WARN_UNDECLARED_SELECTOR = YES;
				GCC_WARN_UNINITIALIZED_AUTOS = YES_AGGRESSIVE;
				GCC_WARN_UNUSED_FUNCTION = YES;
				GCC_WARN_UNUSED_VARIABLE = YES;
				IPHONEOS_DEPLOYMENT_TARGET = 26.2;
				LOCALIZATION_PREFERS_STRING_CATALOGS = YES;
				MTL_ENABLE_DEBUG_INFO = NO;
				MTL_FAST_MATH = YES;
				SDKROOT = iphoneos;
				SWIFT_COMPILATION_MODE = wholemodule;
				VALIDATE_PRODUCT = YES;
			};
			name = Release;
		};
		E7B00D002F3A698700D4559C /* Debug */ = {
			isa = XCBuildConfiguration;
			buildSettings = {
				ASSETCATALOG_COMPILER_APPICON_NAME = AppIcon;
				ASSETCATALOG_COMPILER_GLOBAL_ACCENT_COLOR_NAME = AccentColor;
				CODE_SIGN_STYLE = Automatic;
				CURRENT_PROJECT_VERSION = 1;
				DEVELOPMENT_TEAM = C4WYR92CN3;
				ENABLE_PREVIEWS = YES;
				GENERATE_INFOPLIST_FILE = YES;
				INFOPLIST_KEY_NSFaceIDUsageDescription = "Authenticate to access your account securely";
				INFOPLIST_KEY_UIApplicationSceneManifest_Generation = YES;
				INFOPLIST_KEY_UIApplicationSupportsIndirectInputEvents = YES;
				INFOPLIST_KEY_UILaunchScreen_Generation = YES;
				INFOPLIST_KEY_UISupportedInterfaceOrientations_iPad = "UIInterfaceOrientationPortrait UIInterfaceOrientationPortraitUpsideDown UIInterfaceOrientationLandscapeLeft UIInterfaceOrientationLandscapeRight";
				INFOPLIST_KEY_UISupportedInterfaceOrientations_iPhone = "UIInterfaceOrientationPortrait UIInterfaceOrientationLandscapeLeft UIInterfaceOrientationLandscapeRight";
				LD_RUNPATH_SEARCH_PATHS = (
					"$(inherited)",
					"@executable_path/Frameworks",
				);
				MARKETING_VERSION = 1.0;
				PRODUCT_BUNDLE_IDENTIFIER = "something.aa.Transaction-Tracker-Technohaven";
				PRODUCT_NAME = "$(TARGET_NAME)";
				STRING_CATALOG_GENERATE_SYMBOLS = YES;
				SWIFT_APPROACHABLE_CONCURRENCY = YES;
				SWIFT_DEFAULT_ACTOR_ISOLATION = MainActor;
				SWIFT_EMIT_LOC_STRINGS = YES;
				SWIFT_UPCOMING_FEATURE_MEMBER_IMPORT_VISIBILITY = YES;
				SWIFT_VERSION = 5.0;
				TARGETED_DEVICE_FAMILY = "1,2";
			};
			name = Debug;
		};
		E7B00D012F3A698700D4559C /* Release */ = {
			isa = XCBuildConfiguration;
			buildSettings = {
				ASSETCATALOG_COMPILER_APPICON_NAME = AppIcon;
				ASSETCATALOG_COMPILER_GLOBAL_ACCENT_COLOR_NAME = AccentColor;
				CODE_SIGN_STYLE = Automatic;
				CURRENT_PROJECT_VERSION = 1;
				DEVELOPMENT_TEAM = C4WYR92CN3;
				ENABLE_PREVIEWS = YES;
				GENERATE_INFOPLIST_FILE = YES;
				INFOPLIST_KEY_NSFaceIDUsageDescription = "Authenticate to access your account securely";
				INFOPLIST_KEY_UIApplicationSceneManifest_Generation = YES;
				INFOPLIST_KEY_UIApplicationSupportsIndirectInputEvents = YES;
				INFOPLIST_KEY_UILaunchScreen_Generation = YES;
				INFOPLIST_KEY_UISupportedInterfaceOrientations_iPad = "UIInterfaceOrientationPortrait UIInterfaceOrientationPortraitUpsideDown UIInterfaceOrientationLandscapeLeft UIInterfaceOrientationLandscapeRight";
				INFOPLIST_KEY_UISupportedInterfaceOrientations_iPhone = "UIInterfaceOrientationPortrait UIInterfaceOrientationLandscapeLeft UIInterfaceOrientationLandscapeRight";
				LD_RUNPATH_SEARCH_PATHS = (
					"$(inherited)",
					"@executable_path/Frameworks",
				);
				MARKETING_VERSION = 1.0;
				PRODUCT_BUNDLE_IDENTIFIER = "something.aa.Transaction-Tracker-Technohaven";
				PRODUCT_NAME = "$(TARGET_NAME)";
				STRING_CATALOG_GENERATE_SYMBOLS = YES;
				SWIFT_APPROACHABLE_CONCURRENCY = YES;
				SWIFT_DEFAULT_ACTOR_ISOLATION = MainActor;
				SWIFT_EMIT_LOC_STRINGS = YES;
				SWIFT_UPCOMING_FEATURE_MEMBER_IMPORT_VISIBILITY = YES;
				SWIFT_VERSION = 5.0;
				TARGETED_DEVICE_FAMILY = "1,2";
			};
			name = Release;
		};
		E7B00D032F3A698700D4559C /* Debug */ = {
			isa = XCBuildConfiguration;
			buildSettings = {
				BUNDLE_LOADER = "$(TEST_HOST)";
				CODE_SIGN_STYLE = Automatic;
				CURRENT_PROJECT_VERSION = 1;
				GENERATE_INFOPLIST_FILE = YES;
				IPHONEOS_DEPLOYMENT_TARGET = 26.2;
				MARKETING_VERSION = 1.0;
				PRODUCT_BUNDLE_IDENTIFIER = "something.aa.Transaction-Tracker-TechnohavenTests";
				PRODUCT_NAME = "$(TARGET_NAME)";
				STRING_CATALOG_GENERATE_SYMBOLS = NO;
				SWIFT_APPROACHABLE_CONCURRENCY = YES;
				SWIFT_EMIT_LOC_STRINGS = NO;
				SWIFT_UPCOMING_FEATURE_MEMBER_IMPORT_VISIBILITY = YES;
				SWIFT_VERSION = 5.0;
				TARGETED_DEVICE_FAMILY = "1,2";
				TEST_HOST = "$(BUILT_PRODUCTS_DIR)/Transaction-Tracker-Technohaven.app/$(BUNDLE_EXECUTABLE_FOLDER_PATH)/Transaction-Tracker-Technohaven";
			};
			name = Debug;
		};
		E7B00D042F3A698700D4559C /* Release */ = {
			isa = XCBuildConfiguration;
			buildSettings = {
				BUNDLE_LOADER = "$(TEST_HOST)";
				CODE_SIGN_STYLE = Automatic;
				CURRENT_PROJECT_VERSION = 1;
				GENERATE_INFOPLIST_FILE = YES;
				IPHONEOS_DEPLOYMENT_TARGET = 26.2;
				MARKETING_VERSION = 1.0;
				PRODUCT_BUNDLE_IDENTIFIER = "something.aa.Transaction-Tracker-TechnohavenTests";
				PRODUCT_NAME = "$(TARGET_NAME)";
				STRING_CATALOG_GENERATE_SYMBOLS = NO;
				SWIFT_APPROACHABLE_CONCURRENCY = YES;
				SWIFT_EMIT_LOC_STRINGS = NO;
				SWIFT_UPCOMING_FEATURE_MEMBER_IMPORT_VISIBILITY = YES;
				SWIFT_VERSION = 5.0;
				TARGETED_DEVICE_FAMILY = "1,2";
				TEST_HOST = "$(BUILT_PRODUCTS_DIR)/Transaction-Tracker-Technohaven.app/$(BUNDLE_EXECUTABLE_FOLDER_PATH)/Transaction-Tracker-Technohaven";
			};
			name = Release;
		};
		E7B00D062F3A698700D4559C /* Debug */ = {
			isa = XCBuildConfiguration;
			buildSettings = {
				CODE_SIGN_STYLE = Automatic;
				CURRENT_PROJECT_VERSION = 1;
				GENERATE_INFOPLIST_FILE = YES;
				MARKETING_VERSION = 1.0;
				PRODUCT_BUNDLE_IDENTIFIER = "something.aa.Transaction-Tracker-TechnohavenUITests";
				PRODUCT_NAME = "$(TARGET_NAME)";
				STRING_CATALOG_GENERATE_SYMBOLS = NO;
				SWIFT_APPROACHABLE_CONCURRENCY = YES;
				SWIFT_EMIT_LOC_STRINGS = NO;
				SWIFT_UPCOMING_FEATURE_MEMBER_IMPORT_VISIBILITY = YES;
				SWIFT_VERSION = 5.0;
				TARGETED_DEVICE_FAMILY = "1,2";
				TEST_TARGET_NAME = "Transaction-Tracker-Technohaven";
			};
			name = Debug;
		};
		E7B00D072F3A698700D4559C /* Release */ = {
			isa = XCBuildConfiguration;
			buildSettings = {
				CODE_SIGN_STYLE = Automatic;
				CURRENT_PROJECT_VERSION = 1;
				GENERATE_INFOPLIST_FILE = YES;
				MARKETING_VERSION = 1.0;
				PRODUCT_BUNDLE_IDENTIFIER = "something.aa.Transaction-Tracker-TechnohavenUITests";
				PRODUCT_NAME = "$(TARGET_NAME)";
				STRING_CATALOG_GENERATE_SYMBOLS = NO;
				SWIFT_APPROACHABLE_CONCURRENCY = YES;
				SWIFT_EMIT_LOC_STRINGS = NO;
				SWIFT_UPCOMING_FEATURE_MEMBER_IMPORT_VISIBILITY = YES;
				SWIFT_VERSION = 5.0;
				TARGETED_DEVICE_FAMILY = "1,2";
				TEST_TARGET_NAME = "Transaction-Tracker-Technohaven";
			};
			name = Release;
		};
/* End XCBuildConfiguration section */

/* Begin XCConfigurationList section */
		E7B00CD72F3A698700D4559C /* Build configuration list for PBXProject "Transaction-Tracker-Technohaven" */ = {
			isa = XCConfigurationList;
			buildConfigurations = (
				E7B00CFD2F3A698700D4559C /* Debug */,
				E7B00CFE2F3A698700D4559C /* Release */,
			);
			defaultConfigurationIsVisible = 0;
			defaultConfigurationName = Release;
		};
		E7B00CFF2F3A698700D4559C /* Build configuration list for PBXNativeTarget "Transaction-Tracker-Technohaven" */ = {
			isa = XCConfigurationList;
			buildConfigurations = (
				E7B00D002F3A698700D4559C /* Debug */,
				E7B00D012F3A698700D4559C /* Release */,
			);
			defaultConfigurationIsVisible = 0;
			defaultConfigurationName = Release;
		};
		E7B00D022F3A698700D4559C /* Build configuration list for PBXNativeTarget "Transaction-Tracker-TechnohavenTests" */ = {
			isa = XCConfigurationList;
			buildConfigurations = (
				E7B00D032F3A698700D4559C /* Debug */,
				E7B00D042F3A698700D4559C /* Release */,
			);
			defaultConfigurationIsVisible = 0;
			defaultConfigurationName = Release;
		};
		E7B00D052F3A698700D4559C /* Build configuration list for PBXNativeTarget "Transaction-Tracker-TechnohavenUITests" */ = {
			isa = XCConfigurationList;
			buildConfigurations = (
				E7B00D062F3A698700D4559C /* Debug */,
				E7B00D072F3A698700D4559C /* Release */,
			);
			defaultConfigurationIsVisible = 0;
			defaultConfigurationName = Release;
		};
/* End XCConfigurationList section */
	};
	rootObject = E7B00CD42F3A698700D4559C /* Project object */;
}
